{
    "_readme": [
        "This file locks the dependencies of your project to a known state",
        "Read more about it at https://getcomposer.org/doc/01-basic-usage.md#installing-dependencies",
        "This file is @generated automatically"
    ],
    "content-hash": "e8f257284c4294e76c8394be1574ce62",
    "packages": [
        {
            "name": "kansiz/suphp-framework",
            "version": "1.0.x-dev",
            "source": {
                "type": "git",
                "url": "https://github.com/kansiz/SuPHP-Framework.git",
                "reference": "89dd74f75967ef7b4c022fd172089b6cec24daae"
            },
            "dist": {
                "type": "zip",
                "url": "https://api.github.com/repos/kansiz/SuPHP-Framework/zipball/89dd74f75967ef7b4c022fd172089b6cec24daae",
                "reference": "89dd74f75967ef7b4c022fd172089b6cec24daae",
                "shasum": ""
            },
            "require": {
                "php": "^8.1.6"
            },
            "default-branch": true,
            "type": "library",
            "extra": {
                "branch-alias": {
                    "dev-master": "1.0.x-dev"
                }
            },
            "autoload": {
                "files": [
                    "src/helpers.php"
                ],
                "psr-4": {
                    "SuPHP\\": "src/"
                }
            },
            "notification-url": "https://packagist.org/downloads/",
            "license": [
                "MIT"
            ],
            "authors": [
                {
                    "name": "Erol KANSIZ",
                    "email": "kansiz@gmail.com"
                }
            ],
            "description": "The SuPHP Framework.",
            "homepage": "https://suphp.bizimnet.com",
            "keywords": [
                "framework",
                "suphp",
                "suphp-framework"
            ],
            "support": {
                "issues": "https://github.com/laravel/suphp-framework/issues",
                "source": "https://github.com/kansiz/suphp-framework"
            },
            "time": "2022-06-28T00:43:48+00:00"
        }
    ],
    "packages-dev": [],
    "aliases": [],
    "minimum-stability": "dev",
    "stability-flags": [],
    "prefer-stable": true,
    "prefer-lowest": false,
    "platform": {
        "php": "^8.0"
    },
    "platform-dev": [],
    "plugin-api-version": "2.3.0"
}
